
Microsoft Visual Studio Solution File, Format Version 12.00
# Visual Studio Version 17
VisualStudioVersion = 17.13.35825.156 d17.13
MinimumVisualStudioVersion = 10.0.40219.1
Project("{FAE04EC0-301F-11D3-BF4B-00C04F79EFBC}") = "CyberSecurityPOE", "CyberSecurityPOE.csproj", "{B970C931-DD45-4EDB-BD98-378444477D62}"
EndProject
Global
	GlobalSection(SolutionConfigurationPlatforms) = preSolution
		Debug|Any CPU = Debug|Any CPU
		Release|Any CPU = Release|Any CPU
	EndGlobalSection
	GlobalSection(ProjectConfigurationPlatforms) = postSolution
		{B970C931-DD45-4EDB-BD98-378444477D62}.Debug|Any CPU.ActiveCfg = Debug|Any CPU
		{B970C931-DD45-4EDB-BD98-378444477D62}.Debug|Any CPU.Build.0 = Debug|Any CPU
		{B970C931-DD45-4EDB-BD98-378444477D62}.Release|Any CPU.ActiveCfg = Release|Any CPU
		{B970C931-DD45-4EDB-BD98-378444477D62}.Release|Any CPU.Build.0 = Release|Any CPU
	EndGlobalSection
	GlobalSection(SolutionProperties) = preSolution
		HideSolutionNode = FALSE
	EndGlobalSection
	GlobalSection(ExtensibilityGlobals) = postSolution
		SolutionGuid = {E5801F93-3DB9-4530-AF76-E7B880044712}
	EndGlobalSection
EndGlobal
